001_initial.sql a934f813125734141bc9ca584350499926222551b8afeeeb5418e5f1e0da4f2a legacy
002_drop_file_checks.sql f61d859ca6a853f38d4a9ce6086204432d6632570d4b2c84f03d3b94cc9bfe4f legacy
003_session_folders.sql eb61841fc91b7169849f12aba4090fb0efbea390958e656f982c29d9b0f8bed0 legacy
004_session_refs.sql c7d50480d67d8f1995bf0a7c6940d72d15f2333eac7a815ece6b1dd5997638a2 legacy
005_session_refs_abandoned.sql 7181f85c065a4003d1c7e355bc21f77d3417baebf5314f6fc7534fcb41e99742 legacy
